
Microsoft Visual Studio Solution File, Format Version 12.00
# Visual Studio Version 17
VisualStudioVersion = 17.7.34221.43
MinimumVisualStudioVersion = 10.0.40219.1
Project("{FAE04EC0-301F-11D3-BF4B-00C04F79EFBC}") = "LibraryManagementFront", "LibraryManagementFront.csproj", "{7E5352D1-F87A-46D0-88A9-1BED71D762C9}"
EndProject
Global
	GlobalSection(SolutionConfigurationPlatforms) = preSolution
		Debug|Any CPU = Debug|Any CPU
		Release|Any CPU = Release|Any CPU
	EndGlobalSection
	GlobalSection(ProjectConfigurationPlatforms) = postSolution
		{7E5352D1-F87A-46D0-88A9-1BED71D762C9}.Debug|Any CPU.ActiveCfg = Debug|Any CPU
		{7E5352D1-F87A-46D0-88A9-1BED71D762C9}.Debug|Any CPU.Build.0 = Debug|Any CPU
		{7E5352D1-F87A-46D0-88A9-1BED71D762C9}.Release|Any CPU.ActiveCfg = Release|Any CPU
		{7E5352D1-F87A-46D0-88A9-1BED71D762C9}.Release|Any CPU.Build.0 = Release|Any CPU
	EndGlobalSection
	GlobalSection(SolutionProperties) = preSolution
		HideSolutionNode = FALSE
	EndGlobalSection
	GlobalSection(ExtensibilityGlobals) = postSolution
		SolutionGuid = {8E449116-E933-4F1F-8B95-DCE08B1C08CE}
	EndGlobalSection
EndGlobal
